
Microsoft Visual Studio Solution File, Format Version 12.00
# Visual Studio 15
Project("{FAE04EC0-301F-11D3-BF4B-00C04F79EFBC}") = "UnityEngine.UI", "UnityEngine.UI.csproj", "{3DC752E7-BDA4-06D7-405F-CF6DB59F8FDF}"
EndProject
Project("{FAE04EC0-301F-11D3-BF4B-00C04F79EFBC}") = "Assembly-CSharp", "Assembly-CSharp.csproj", "{F014303F-DF9A-1F18-312A-2FDBE49AD88B}"
EndProject
Project("{FAE04EC0-301F-11D3-BF4B-00C04F79EFBC}") = "UnityEditor.UI", "UnityEditor.UI.csproj", "{29323006-CDB4-B62E-D457-AB81672C46E1}"
EndProject
Global
	GlobalSection(SolutionConfigurationPlatforms) = preSolution
		Debug|Any CPU = Debug|Any CPU
		Release|Any CPU = Release|Any CPU
	EndGlobalSection
	GlobalSection(ProjectConfigurationPlatforms) = postSolution
		{3DC752E7-BDA4-06D7-405F-CF6DB59F8FDF}.Debug|Any CPU.ActiveCfg = Debug|Any CPU
		{3DC752E7-BDA4-06D7-405F-CF6DB59F8FDF}.Debug|Any CPU.Build.0 = Debug|Any CPU
		{3DC752E7-BDA4-06D7-405F-CF6DB59F8FDF}.Release|Any CPU.ActiveCfg = Release|Any CPU
		{3DC752E7-BDA4-06D7-405F-CF6DB59F8FDF}.Release|Any CPU.Build.0 = Release|Any CPU
		{F014303F-DF9A-1F18-312A-2FDBE49AD88B}.Debug|Any CPU.ActiveCfg = Debug|Any CPU
		{F014303F-DF9A-1F18-312A-2FDBE49AD88B}.Debug|Any CPU.Build.0 = Debug|Any CPU
		{F014303F-DF9A-1F18-312A-2FDBE49AD88B}.Release|Any CPU.ActiveCfg = Release|Any CPU
		{F014303F-DF9A-1F18-312A-2FDBE49AD88B}.Release|Any CPU.Build.0 = Release|Any CPU
		{29323006-CDB4-B62E-D457-AB81672C46E1}.Debug|Any CPU.ActiveCfg = Debug|Any CPU
		{29323006-CDB4-B62E-D457-AB81672C46E1}.Debug|Any CPU.Build.0 = Debug|Any CPU
		{29323006-CDB4-B62E-D457-AB81672C46E1}.Release|Any CPU.ActiveCfg = Release|Any CPU
		{29323006-CDB4-B62E-D457-AB81672C46E1}.Release|Any CPU.Build.0 = Release|Any CPU
	EndGlobalSection
	GlobalSection(SolutionProperties) = preSolution
		HideSolutionNode = FALSE
	EndGlobalSection
EndGlobal
