
Microsoft Visual Studio Solution File, Format Version 12.00
# Visual Studio 15
Project("{FAE04EC0-301F-11D3-BF4B-00C04F79EFBC}") = "UnityEngine.UI", "UnityEngine.UI.csproj", "{3C275F2A-6086-B69D-D3EF-2513E5F9FEE4}"
EndProject
Project("{FAE04EC0-301F-11D3-BF4B-00C04F79EFBC}") = "Assembly-CSharp", "Assembly-CSharp.csproj", "{F5A6FA3E-8B38-BF84-8D4E-9219EF82DDCD}"
EndProject
Project("{FAE04EC0-301F-11D3-BF4B-00C04F79EFBC}") = "UnityEditor.UI", "UnityEditor.UI.csproj", "{AB8F9595-CD7A-BB2A-BE95-53DBCEA99378}"
EndProject
Global
	GlobalSection(SolutionConfigurationPlatforms) = preSolution
		Debug|Any CPU = Debug|Any CPU
		Release|Any CPU = Release|Any CPU
	EndGlobalSection
	GlobalSection(ProjectConfigurationPlatforms) = postSolution
		{3C275F2A-6086-B69D-D3EF-2513E5F9FEE4}.Debug|Any CPU.ActiveCfg = Debug|Any CPU
		{3C275F2A-6086-B69D-D3EF-2513E5F9FEE4}.Debug|Any CPU.Build.0 = Debug|Any CPU
		{3C275F2A-6086-B69D-D3EF-2513E5F9FEE4}.Release|Any CPU.ActiveCfg = Release|Any CPU
		{3C275F2A-6086-B69D-D3EF-2513E5F9FEE4}.Release|Any CPU.Build.0 = Release|Any CPU
		{F5A6FA3E-8B38-BF84-8D4E-9219EF82DDCD}.Debug|Any CPU.ActiveCfg = Debug|Any CPU
		{F5A6FA3E-8B38-BF84-8D4E-9219EF82DDCD}.Debug|Any CPU.Build.0 = Debug|Any CPU
		{F5A6FA3E-8B38-BF84-8D4E-9219EF82DDCD}.Release|Any CPU.ActiveCfg = Release|Any CPU
		{F5A6FA3E-8B38-BF84-8D4E-9219EF82DDCD}.Release|Any CPU.Build.0 = Release|Any CPU
		{AB8F9595-CD7A-BB2A-BE95-53DBCEA99378}.Debug|Any CPU.ActiveCfg = Debug|Any CPU
		{AB8F9595-CD7A-BB2A-BE95-53DBCEA99378}.Debug|Any CPU.Build.0 = Debug|Any CPU
		{AB8F9595-CD7A-BB2A-BE95-53DBCEA99378}.Release|Any CPU.ActiveCfg = Release|Any CPU
		{AB8F9595-CD7A-BB2A-BE95-53DBCEA99378}.Release|Any CPU.Build.0 = Release|Any CPU
	EndGlobalSection
	GlobalSection(SolutionProperties) = preSolution
		HideSolutionNode = FALSE
	EndGlobalSection
EndGlobal
